# THIS IS AN AUTOGENERATED FILE. DO NOT EDIT THIS FILE DIRECTLY.
# yarn lockfile v1


prettier@^1.17.0:
  version "1.17.0"
  resolved "http://npm.taimei.com:80/prettier/-/prettier-1.17.0.tgz#53b303676eed22cc14a9f0cec09b477b3026c008"
  integrity sha1-U7MDZ27tIswUqfDOwJtHezAmwAg=

typescript@^3.3.4000:
  version "3.3.4000"
  resolved "http://npm.taimei.com:80/typescript/-/typescript-3.3.4000.tgz#76b0f89cfdbf97827e1112d64f283f1151d6adf0"
  integrity sha1-drD4nP2/l4J+ERLWTyg/EVHWrfA=
